{
	"name": "UQ-Trust-Lab.github.io",
	"lockfileVersion": 3,
	"requires": true,
	"packages": {
		"": {
			"dependencies": {
				"@fortawesome/fontawesome-free": "^6.3.0",
				"bulma": "^0.9.4",
				"bulma-timeline": "^3.0.5"
			}
		},
		"node_modules/@fortawesome/fontawesome-free": {
			"version": "6.6.0",
			"resolved": "https://registry.npmjs.org/@fortawesome/fontawesome-free/-/fontawesome-free-6.6.0.tgz",
			"integrity": "sha512-60G28ke/sXdtS9KZCpZSHHkCbdsOGEhIUGlwq6yhY74UpTiToIh8np7A8yphhM4BWsvNFtIvLpi4co+h9Mr9Ow==",
			"engines": {
				"node": ">=6"
			}
		},
		"node_modules/bulma": {
			"version": "0.9.4",
			"resolved": "https://registry.npmjs.org/bulma/-/bulma-0.9.4.tgz",
			"integrity": "sha512-86FlT5+1GrsgKbPLRRY7cGDg8fsJiP/jzTqXXVqiUZZ2aZT8uemEOHlU1CDU+TxklPEZ11HZNNWclRBBecP4CQ=="
		},
		"node_modules/bulma-timeline": {
			"version": "3.0.5",
			"resolved": "https://registry.npmjs.org/bulma-timeline/-/bulma-timeline-3.0.5.tgz",
			"integrity": "sha512-gBwdx7PmAEZ/+5zSn/ZBJBqkenT8wi+9nlD0uP8lXa3rGcbhG+fp8Oz98+3O10LQPlUEdKPYEUxtQ55okRfhTQ=="
		}
	}
}
